
Microsoft Visual Studio Solution File, Format Version 12.00
# Visual Studio Version 16
VisualStudioVersion = 16.0.32106.194
MinimumVisualStudioVersion = 10.0.40219.1
Project("{FAE04EC0-301F-11D3-BF4B-00C04F79EFBC}") = "osuBackgroundChanger", "osuBackgroundChanger\osuBackgroundChanger.csproj", "{0F303BD1-1D6D-4635-BB5E-20C988A37B60}"
EndProject
Global
	GlobalSection(SolutionConfigurationPlatforms) = preSolution
		Debug|Any CPU = Debug|Any CPU
		Release|Any CPU = Release|Any CPU
	EndGlobalSection
	GlobalSection(ProjectConfigurationPlatforms) = postSolution
		{0F303BD1-1D6D-4635-BB5E-20C988A37B60}.Debug|Any CPU.ActiveCfg = Debug|Any CPU
		{0F303BD1-1D6D-4635-BB5E-20C988A37B60}.Debug|Any CPU.Build.0 = Debug|Any CPU
		{0F303BD1-1D6D-4635-BB5E-20C988A37B60}.Release|Any CPU.ActiveCfg = Release|Any CPU
		{0F303BD1-1D6D-4635-BB5E-20C988A37B60}.Release|Any CPU.Build.0 = Release|Any CPU
	EndGlobalSection
	GlobalSection(SolutionProperties) = preSolution
		HideSolutionNode = FALSE
	EndGlobalSection
	GlobalSection(ExtensibilityGlobals) = postSolution
		SolutionGuid = {3EF9F479-6676-45CA-8EC2-0B3666EDD2C1}
	EndGlobalSection
EndGlobal
